
Microsoft Visual Studio Solution File, Format Version 12.00
# Visual Studio Version 16
VisualStudioVersion = 16.0.30413.136
MinimumVisualStudioVersion = 10.0.40219.1
Project("{FAE04EC0-301F-11D3-BF4B-00C04F79EFBC}") = "VerificaMaiorValor", "VerificaMaiorValor.csproj", "{7C91C201-B3B2-45F8-AEC2-7E01A9B35B5B}"
EndProject
Global
	GlobalSection(SolutionConfigurationPlatforms) = preSolution
		Debug|Any CPU = Debug|Any CPU
		Release|Any CPU = Release|Any CPU
	EndGlobalSection
	GlobalSection(ProjectConfigurationPlatforms) = postSolution
		{7C91C201-B3B2-45F8-AEC2-7E01A9B35B5B}.Debug|Any CPU.ActiveCfg = Debug|Any CPU
		{7C91C201-B3B2-45F8-AEC2-7E01A9B35B5B}.Debug|Any CPU.Build.0 = Debug|Any CPU
		{7C91C201-B3B2-45F8-AEC2-7E01A9B35B5B}.Release|Any CPU.ActiveCfg = Release|Any CPU
		{7C91C201-B3B2-45F8-AEC2-7E01A9B35B5B}.Release|Any CPU.Build.0 = Release|Any CPU
	EndGlobalSection
	GlobalSection(SolutionProperties) = preSolution
		HideSolutionNode = FALSE
	EndGlobalSection
	GlobalSection(ExtensibilityGlobals) = postSolution
		SolutionGuid = {38FDDC99-618C-47AA-BA54-E1C17EC29ACE}
	EndGlobalSection
EndGlobal
